lockfileVersion: '9.0'

settings:
  autoInstallPeers: true
  excludeLinksFromLockfile: false

importers:

  .:
    devDependencies:
      lefthook:
        specifier: ^2.1.10
        version: 2.1.10
      prettier:
        specifier: ^3.9.6
        version: 3.9.6
      prettier-plugin-tailwindcss:
        specifier: ^0.8.1
        version: 0.8.1(prettier@3.9.6)

packages:

  lefthook-darwin-arm64@2.1.10:
    resolution: {integrity: sha512-nw+X8wRNDoUUV6WSteyKBbcLySq+fsmZt5WV/s50ZJpysmsDKJOUMln6SllNfP+60dzUahAO7REco/2633BsLg==}
    cpu: [arm64]
    os: [darwin]

  lefthook-darwin-x64@2.1.10:
    resolution: {integrity: sha512-KQ/bHmvpkFdHMn4pZnUdTf+GuSC+aBBgBTxZT4GW+6cSf+qbErKZBhK7cH6BmILsvx43+VzEArvHYY7YOfRFOQ==}
    cpu: [x64]
    os: [darwin]

  lefthook-freebsd-arm64@2.1.10:
    resolution: {integrity: sha512-8su6DwydP7+pv7kG0zCtjphqsw4ouOnfexRUErapy5GTxYBoUOhYz3RSHTSWNRsK6W4jva7FPUh2Lp5/PSn30w==}
    cpu: [arm64]
    os: [freebsd]

  lefthook-freebsd-x64@2.1.10:
    resolution: {integrity: sha512-GeAJEFxko3Lk+AsnS3NleAFrpyMLFUKOlgJvPKuU0xHwVEI/z+ZoCcmuO0BX+4CS0NLbZhC/YQAvBASqDvvVdQ==}
    cpu: [x64]
    os: [freebsd]

  lefthook-linux-arm64@2.1.10:
    resolution: {integrity: sha512-1sHTCmpTWjVMs+yKPBLRNT1kuuIr1yjietlk7rCB6wFPVOS6Ph3o2zPFH2AvW1UymHlqwyHXzBr9EtDpQ7j1mQ==}
    cpu: [arm64]
    os: [linux]

  lefthook-linux-x64@2.1.10:
    resolution: {integrity: sha512-z/VlRB3bh6mBvW3r1rwnJ5vP8z+Krx5gJzkZ4veDXh+6FlRTx8wtd3g3fllOv/yZMxkgmL3fQoFXv05Esa7vBQ==}
    cpu: [x64]
    os: [linux]

  lefthook-openbsd-arm64@2.1.10:
    resolution: {integrity: sha512-430zL8sSIKw5P0YXGG6PB+eAhHa06n0PXuaERaAQE4Ss3odfqwnl5Mq9hQmkEnOS1EGiQEKkd0UHv/i4PtMNIQ==}
    cpu: [arm64]
    os: [openbsd]

  lefthook-openbsd-x64@2.1.10:
    resolution: {integrity: sha512-bgkO8PphGZVDhQgCJ524aYYPI5491pVmCiLPGjBIo1AvOSlIyw4N1Y+1C3QfqwEmechzw+Aq16SNc8pqv6UuXg==}
    cpu: [x64]
    os: [openbsd]

  lefthook-windows-arm64@2.1.10:
    resolution: {integrity: sha512-5Q6etF0Fla2DDA4ilDySrdNgiR5+W7cJZwnZ69Je3kvWCaWm4wnkuc8FEdjp3kiL2x3ZXipdI00f5vpO8aWmog==}
    cpu: [arm64]
    os: [win32]

  lefthook-windows-x64@2.1.10:
    resolution: {integrity: sha512-c/XH8YZtylG4XaxzqFfXluvq2LXq2W/p54Bnzn3+Z7E5X2Fk3JlFJAibulMbIt2+w8T7UI/r97ok5GqE4kGaeA==}
    cpu: [x64]
    os: [win32]

  lefthook@2.1.10:
    resolution: {integrity: sha512-K7mM4WoqMwqfXYK11EHy+lSH1uW8XHni3Yn/bSqyerPkUPygGdf3xn18JoV5HyA06xuQL3ofGAOjG01QX9oJ4w==}
    hasBin: true

  prettier-plugin-tailwindcss@0.8.1:
    resolution: {integrity: sha512-iaFMYqDsE4ffdDkn5qup0j5f2aCEBFZrdrZnvu9QKTlWx/iGPeQ4HHu7b7fCPMxeo9nwQBiOAh2nSypdFYWJkw==}
    engines: {node: '>=20.19'}
    peerDependencies:
      '@ianvs/prettier-plugin-sort-imports': '*'
      '@prettier/plugin-hermes': '*'
      '@prettier/plugin-oxc': '*'
      '@prettier/plugin-pug': '*'
      '@shopify/prettier-plugin-liquid': '*'
      '@trivago/prettier-plugin-sort-imports': '*'
      '@zackad/prettier-plugin-twig': '*'
      prettier: ^3.0
      prettier-plugin-astro: '*'
      prettier-plugin-css-order: '*'
      prettier-plugin-jsdoc: '*'
      prettier-plugin-marko: '*'
      prettier-plugin-multiline-arrays: '*'
      prettier-plugin-organize-attributes: '*'
      prettier-plugin-organize-imports: '*'
      prettier-plugin-sort-imports: '*'
      prettier-plugin-svelte: '*'
    peerDependenciesMeta:
      '@ianvs/prettier-plugin-sort-imports':
        optional: true
      '@prettier/plugin-hermes':
        optional: true
      '@prettier/plugin-oxc':
        optional: true
      '@prettier/plugin-pug':
        optional: true
      '@shopify/prettier-plugin-liquid':
        optional: true
      '@trivago/prettier-plugin-sort-imports':
        optional: true
      '@zackad/prettier-plugin-twig':
        optional: true
      prettier-plugin-astro:
        optional: true
      prettier-plugin-css-order:
        optional: true
      prettier-plugin-jsdoc:
        optional: true
      prettier-plugin-marko:
        optional: true
      prettier-plugin-multiline-arrays:
        optional: true
      prettier-plugin-organize-attributes:
        optional: true
      prettier-plugin-organize-imports:
        optional: true
      prettier-plugin-sort-imports:
        optional: true
      prettier-plugin-svelte:
        optional: true

  prettier@3.9.6:
    resolution: {integrity: sha512-OpN0zzVdiaiAhxpuuj5efpIS4sY9j7bY6uR5mnj5yPzGkdkjNKSJeUThPb60Jw29QuAZgA4o+/iB49kFiaBX6g==}
    engines: {node: '>=14'}
    hasBin: true

snapshots:

  lefthook-darwin-arm64@2.1.10:
    optional: true

  lefthook-darwin-x64@2.1.10:
    optional: true

  lefthook-freebsd-arm64@2.1.10:
    optional: true

  lefthook-freebsd-x64@2.1.10:
    optional: true

  lefthook-linux-arm64@2.1.10:
    optional: true

  lefthook-linux-x64@2.1.10:
    optional: true

  lefthook-openbsd-arm64@2.1.10:
    optional: true

  lefthook-openbsd-x64@2.1.10:
    optional: true

  lefthook-windows-arm64@2.1.10:
    optional: true

  lefthook-windows-x64@2.1.10:
    optional: true

  lefthook@2.1.10:
    optionalDependencies:
      lefthook-darwin-arm64: 2.1.10
      lefthook-darwin-x64: 2.1.10
      lefthook-freebsd-arm64: 2.1.10
      lefthook-freebsd-x64: 2.1.10
      lefthook-linux-arm64: 2.1.10
      lefthook-linux-x64: 2.1.10
      lefthook-openbsd-arm64: 2.1.10
      lefthook-openbsd-x64: 2.1.10
      lefthook-windows-arm64: 2.1.10
      lefthook-windows-x64: 2.1.10

  prettier-plugin-tailwindcss@0.8.1(prettier@3.9.6):
    dependencies:
      prettier: 3.9.6

  prettier@3.9.6: {}
